
Microsoft Visual Studio Solution File, Format Version 12.00
# Visual Studio 15
VisualStudioVersion = 15.0.26403.7
MinimumVisualStudioVersion = 10.0.40219.1
Project("{2150E333-8FDC-42A3-9474-1A3956D46DE8}") = "Tests", "Tests", "{C7769B05-8F64-4C15-8206-BF4DFE919BC4}"
EndProject
Project("{9A19103F-16F7-4668-BE54-9A1E7A4F7556}") = "AutoBogus", "AutoBogus\AutoBogus.csproj", "{DEB1B1BD-A074-4221-9226-8F8C72571D1C}"
EndProject
Project("{9A19103F-16F7-4668-BE54-9A1E7A4F7556}") = "AutoBogus.Tests", "AutoBogus.Tests\AutoBogus.Tests.csproj", "{B3729145-05AB-4A1E-94FD-48929C651D84}"
EndProject
Project("{FAE04EC0-301F-11D3-BF4B-00C04F79EFBC}") = "AutoBogus.Tests.Models", "AutoBogus.Tests.Models\AutoBogus.Tests.Models.csproj", "{68DCD918-3727-4B89-8CCE-4C08CBA5AC1F}"
EndProject
Global
	GlobalSection(SolutionConfigurationPlatforms) = preSolution
		Debug|Any CPU = Debug|Any CPU
		Release|Any CPU = Release|Any CPU
	EndGlobalSection
	GlobalSection(ProjectConfigurationPlatforms) = postSolution
		{DEB1B1BD-A074-4221-9226-8F8C72571D1C}.Debug|Any CPU.ActiveCfg = Debug|Any CPU
		{DEB1B1BD-A074-4221-9226-8F8C72571D1C}.Debug|Any CPU.Build.0 = Debug|Any CPU
		{DEB1B1BD-A074-4221-9226-8F8C72571D1C}.Release|Any CPU.ActiveCfg = Release|Any CPU
		{DEB1B1BD-A074-4221-9226-8F8C72571D1C}.Release|Any CPU.Build.0 = Release|Any CPU
		{B3729145-05AB-4A1E-94FD-48929C651D84}.Debug|Any CPU.ActiveCfg = Debug|Any CPU
		{B3729145-05AB-4A1E-94FD-48929C651D84}.Debug|Any CPU.Build.0 = Debug|Any CPU
		{B3729145-05AB-4A1E-94FD-48929C651D84}.Release|Any CPU.ActiveCfg = Release|Any CPU
		{B3729145-05AB-4A1E-94FD-48929C651D84}.Release|Any CPU.Build.0 = Release|Any CPU
		{68DCD918-3727-4B89-8CCE-4C08CBA5AC1F}.Debug|Any CPU.ActiveCfg = Debug|Any CPU
		{68DCD918-3727-4B89-8CCE-4C08CBA5AC1F}.Debug|Any CPU.Build.0 = Debug|Any CPU
		{68DCD918-3727-4B89-8CCE-4C08CBA5AC1F}.Release|Any CPU.ActiveCfg = Release|Any CPU
		{68DCD918-3727-4B89-8CCE-4C08CBA5AC1F}.Release|Any CPU.Build.0 = Release|Any CPU
	EndGlobalSection
	GlobalSection(SolutionProperties) = preSolution
		HideSolutionNode = FALSE
	EndGlobalSection
	GlobalSection(NestedProjects) = preSolution
		{B3729145-05AB-4A1E-94FD-48929C651D84} = {C7769B05-8F64-4C15-8206-BF4DFE919BC4}
		{68DCD918-3727-4B89-8CCE-4C08CBA5AC1F} = {C7769B05-8F64-4C15-8206-BF4DFE919BC4}
	EndGlobalSection
EndGlobal
